
Microsoft Visual Studio Solution File, Format Version 12.00
# Visual Studio 15
VisualStudioVersion = 15.0.28307.421
MinimumVisualStudioVersion = 10.0.40219.1
Project("{FAE04EC0-301F-11D3-BF4B-00C04F79EFBC}") = "WebApi", "WebApi\WebApi.csproj", "{72522EA2-F7C0-4540-9343-B2BEEC675F42}"
EndProject
Project("{FAE04EC0-301F-11D3-BF4B-00C04F79EFBC}") = "WebApi.NUnitTests", "WebApi.NUnitTests\WebApi.NUnitTests.csproj", "{60643315-9E9B-46EA-81AE-BD6FEEDC01CE}"
EndProject
Global
	GlobalSection(SolutionConfigurationPlatforms) = preSolution
		Debug|Any CPU = Debug|Any CPU
		Release|Any CPU = Release|Any CPU
	EndGlobalSection
	GlobalSection(ProjectConfigurationPlatforms) = postSolution
		{72522EA2-F7C0-4540-9343-B2BEEC675F42}.Debug|Any CPU.ActiveCfg = Debug|Any CPU
		{72522EA2-F7C0-4540-9343-B2BEEC675F42}.Debug|Any CPU.Build.0 = Debug|Any CPU
		{72522EA2-F7C0-4540-9343-B2BEEC675F42}.Release|Any CPU.ActiveCfg = Release|Any CPU
		{72522EA2-F7C0-4540-9343-B2BEEC675F42}.Release|Any CPU.Build.0 = Release|Any CPU
		{60643315-9E9B-46EA-81AE-BD6FEEDC01CE}.Debug|Any CPU.ActiveCfg = Debug|Any CPU
		{60643315-9E9B-46EA-81AE-BD6FEEDC01CE}.Debug|Any CPU.Build.0 = Debug|Any CPU
		{60643315-9E9B-46EA-81AE-BD6FEEDC01CE}.Release|Any CPU.ActiveCfg = Release|Any CPU
		{60643315-9E9B-46EA-81AE-BD6FEEDC01CE}.Release|Any CPU.Build.0 = Release|Any CPU
	EndGlobalSection
	GlobalSection(SolutionProperties) = preSolution
		HideSolutionNode = FALSE
	EndGlobalSection
	GlobalSection(ExtensibilityGlobals) = postSolution
		SolutionGuid = {43277133-D524-4403-8104-23327E66AE71}
	EndGlobalSection
EndGlobal
